
Microsoft Visual Studio Solution File, Format Version 12.00
# Visual Studio Version 16
VisualStudioVersion = 16.0.31729.503
MinimumVisualStudioVersion = 10.0.40219.1
Project("{FAE04EC0-301F-11D3-BF4B-00C04F79EFBC}") = "OOP-Assignment-2", "OOP-Assignment-2\OOP-Assignment-2.csproj", "{E85A33CD-CC4F-4B7D-92D7-AC12B4332775}"
EndProject
Global
	GlobalSection(SolutionConfigurationPlatforms) = preSolution
		Debug|Any CPU = Debug|Any CPU
		Release|Any CPU = Release|Any CPU
	EndGlobalSection
	GlobalSection(ProjectConfigurationPlatforms) = postSolution
		{E85A33CD-CC4F-4B7D-92D7-AC12B4332775}.Debug|Any CPU.ActiveCfg = Debug|Any CPU
		{E85A33CD-CC4F-4B7D-92D7-AC12B4332775}.Debug|Any CPU.Build.0 = Debug|Any CPU
		{E85A33CD-CC4F-4B7D-92D7-AC12B4332775}.Release|Any CPU.ActiveCfg = Release|Any CPU
		{E85A33CD-CC4F-4B7D-92D7-AC12B4332775}.Release|Any CPU.Build.0 = Release|Any CPU
	EndGlobalSection
	GlobalSection(SolutionProperties) = preSolution
		HideSolutionNode = FALSE
	EndGlobalSection
	GlobalSection(ExtensibilityGlobals) = postSolution
		SolutionGuid = {E5A0AF4A-8266-49AD-AF93-A9D2F9EC6C8A}
	EndGlobalSection
EndGlobal
